
Microsoft Visual Studio Solution File, Format Version 12.00
# Visual Studio 14
VisualStudioVersion = 14.0.25420.1
MinimumVisualStudioVersion = 10.0.40219.1
Project("{FAE04EC0-301F-11D3-BF4B-00C04F79EFBC}") = "MGTest.Tests", "MGTest.Tests\MGTest.Tests.csproj", "{09A4B210-FAE0-47CC-91A6-75A057F563B8}"
EndProject
Project("{FAE04EC0-301F-11D3-BF4B-00C04F79EFBC}") = "MGTest.Core", "MGTest.Core\MGTest.Core.csproj", "{A1AF7703-DA43-42D0-AB09-61B0212F4432}"
EndProject
Global
	GlobalSection(SolutionConfigurationPlatforms) = preSolution
		Debug|Any CPU = Debug|Any CPU
		Release|Any CPU = Release|Any CPU
	EndGlobalSection
	GlobalSection(ProjectConfigurationPlatforms) = postSolution
		{09A4B210-FAE0-47CC-91A6-75A057F563B8}.Debug|Any CPU.ActiveCfg = Debug|Any CPU
		{09A4B210-FAE0-47CC-91A6-75A057F563B8}.Debug|Any CPU.Build.0 = Debug|Any CPU
		{09A4B210-FAE0-47CC-91A6-75A057F563B8}.Release|Any CPU.ActiveCfg = Release|Any CPU
		{09A4B210-FAE0-47CC-91A6-75A057F563B8}.Release|Any CPU.Build.0 = Release|Any CPU
		{A1AF7703-DA43-42D0-AB09-61B0212F4432}.Debug|Any CPU.ActiveCfg = Debug|Any CPU
		{A1AF7703-DA43-42D0-AB09-61B0212F4432}.Debug|Any CPU.Build.0 = Debug|Any CPU
		{A1AF7703-DA43-42D0-AB09-61B0212F4432}.Release|Any CPU.ActiveCfg = Release|Any CPU
		{A1AF7703-DA43-42D0-AB09-61B0212F4432}.Release|Any CPU.Build.0 = Release|Any CPU
	EndGlobalSection
	GlobalSection(SolutionProperties) = preSolution
		HideSolutionNode = FALSE
	EndGlobalSection
EndGlobal
